
Microsoft Visual Studio Solution File, Format Version 12.00
# Visual Studio Version 17
VisualStudioVersion = 17.7.34024.191
MinimumVisualStudioVersion = 10.0.40219.1
Project("{9A19103F-16F7-4668-BE54-9A1E7A4F7556}") = "gameOfLife", "gameOfLife.csproj", "{470F427A-87F0-42AD-A545-989309AAD1BC}"
EndProject
Global
	GlobalSection(SolutionConfigurationPlatforms) = preSolution
		Debug|Any CPU = Debug|Any CPU
		Release|Any CPU = Release|Any CPU
	EndGlobalSection
	GlobalSection(ProjectConfigurationPlatforms) = postSolution
		{470F427A-87F0-42AD-A545-989309AAD1BC}.Debug|Any CPU.ActiveCfg = Debug|Any CPU
		{470F427A-87F0-42AD-A545-989309AAD1BC}.Debug|Any CPU.Build.0 = Debug|Any CPU
		{470F427A-87F0-42AD-A545-989309AAD1BC}.Release|Any CPU.ActiveCfg = Release|Any CPU
		{470F427A-87F0-42AD-A545-989309AAD1BC}.Release|Any CPU.Build.0 = Release|Any CPU
	EndGlobalSection
	GlobalSection(SolutionProperties) = preSolution
		HideSolutionNode = FALSE
	EndGlobalSection
	GlobalSection(ExtensibilityGlobals) = postSolution
		SolutionGuid = {881B98C0-2835-4A73-93A0-FAA52EA67C72}
	EndGlobalSection
EndGlobal
